// !$*UTF8*$!
{
	archiveVersion = 1;
	classes = {
	};
	objectVersion = 48;
	objects = {

/* Begin PBXBuildFile section */
		4727B130205C296D005D6820 /* AppDelegate.m in Sources */ = {isa = PBXBuildFile; fileRef = 4727B12F205C296D005D6820 /* AppDelegate.m */; };
		4727B133205C296D005D6820 /* ViewController.m in Sources */ = {isa = PBXBuildFile; fileRef = 4727B132205C296D005D6820 /* ViewController.m */; };
		4727B136205C296D005D6820 /* Main.storyboard in Resources */ = {isa = PBXBuildFile; fileRef = 4727B134205C296D005D6820 /* Main.storyboard */; };
		4727B138205C296D005D6820 /* Assets.xcassets in Resources */ = {isa = PBXBuildFile; fileRef = 4727B137205C296D005D6820 /* Assets.xcassets */; };
		4727B13B205C296D005D6820 /* LaunchScreen.storyboard in Resources */ = {isa = PBXBuildFile; fileRef = 4727B139205C296D005D6820 /* LaunchScreen.storyboard */; };
		4727B13E205C296D005D6820 /* main.m in Sources */ = {isa = PBXBuildFile; fileRef = 4727B13D205C296D005D6820 /* main.m */; };
		4727B147205C2BCA005D6820 /* iOSSpeechViewController.m in Sources */ = {isa = PBXBuildFile; fileRef = 4727B144205C2BC9005D6820 /* iOSSpeechViewController.m */; };
		4727B148205C2BCA005D6820 /* iOSSpeechViewController.xib in Resources */ = {isa = PBXBuildFile; fileRef = 4727B146205C2BCA005D6820 /* iOSSpeechViewController.xib */; };
		4727B14A205C2BD4005D6820 /* 录音.m4a in Resources */ = {isa = PBXBuildFile; fileRef = 4727B149205C2BD4005D6820 /* 录音.m4a */; };
		4727B14D205C3277005D6820 /* XYBaseVC.m in Sources */ = {isa = PBXBuildFile; fileRef = 4727B14C205C3277005D6820 /* XYBaseVC.m */; };
/* End PBXBuildFile section */

/* Begin PBXFileReference section */
		4727B12B205C296D005D6820 /* Who am I.app */ = {isa = PBXFileReference; explicitFileType = wrapper.application; includeInIndex = 0; path = "Who am I.app"; sourceTree = BUILT_PRODUCTS_DIR; };
		4727B12E205C296D005D6820 /* AppDelegate.h */ = {isa = PBXFileReference; lastKnownFileType = sourcecode.c.h; path = AppDelegate.h; sourceTree = "<group>"; };
		4727B12F205C296D005D6820 /* AppDelegate.m */ = {isa = PBXFileReference; lastKnownFileType = sourcecode.c.objc; path = AppDelegate.m; sourceTree = "<group>"; };
		4727B131205C296D005D6820 /* ViewController.h */ = {isa = PBXFileReference; lastKnownFileType = sourcecode.c.h; path = ViewController.h; sourceTree = "<group>"; };
		4727B132205C296D005D6820 /* ViewController.m */ = {isa = PBXFileReference; lastKnownFileType = sourcecode.c.objc; path = ViewController.m; sourceTree = "<group>"; };
		4727B135205C296D005D6820 /* Base */ = {isa = PBXFileReference; lastKnownFileType = file.storyboard; name = Base; path = Base.lproj/Main.storyboard; sourceTree = "<group>"; };
		4727B137205C296D005D6820 /* Assets.xcassets */ = {isa = PBXFileReference; lastKnownFileType = folder.assetcatalog; path = Assets.xcassets; sourceTree = "<group>"; };
		4727B13A205C296D005D6820 /* Base */ = {isa = PBXFileReference; lastKnownFileType = file.storyboard; name = Base; path = Base.lproj/LaunchScreen.storyboard; sourceTree = "<group>"; };
		4727B13C205C296D005D6820 /* Info.plist */ = {isa = PBXFileReference; lastKnownFileType = text.plist.xml; path = Info.plist; sourceTree = "<group>"; };
		4727B13D205C296D005D6820 /* main.m */ = {isa = PBXFileReference; lastKnownFileType = sourcecode.c.objc; path = main.m; sourceTree = "<group>"; };
		4727B144205C2BC9005D6820 /* iOSSpeechViewController.m */ = {isa = PBXFileReference; fileEncoding = 4; lastKnownFileType = sourcecode.c.objc; path = iOSSpeechViewController.m; sourceTree = "<group>"; };
		4727B145205C2BC9005D6820 /* iOSSpeechViewController.h */ = {isa = PBXFileReference; fileEncoding = 4; lastKnownFileType = sourcecode.c.h; path = iOSSpeechViewController.h; sourceTree = "<group>"; };
		4727B146205C2BCA005D6820 /* iOSSpeechViewController.xib */ = {isa = PBXFileReference; fileEncoding = 4; lastKnownFileType = file.xib; path = iOSSpeechViewController.xib; sourceTree = "<group>"; };
		4727B149205C2BD4005D6820 /* 录音.m4a */ = {isa = PBXFileReference; lastKnownFileType = file; path = "录音.m4a"; sourceTree = "<group>"; };
		4727B14B205C3277005D6820 /* XYBaseVC.h */ = {isa = PBXFileReference; lastKnownFileType = sourcecode.c.h; path = XYBaseVC.h; sourceTree = "<group>"; };
		4727B14C205C3277005D6820 /* XYBaseVC.m */ = {isa = PBXFileReference; lastKnownFileType = sourcecode.c.objc; path = XYBaseVC.m; sourceTree = "<group>"; };
/* End PBXFileReference section */

/* Begin PBXFrameworksBuildPhase section */
		4727B128205C296D005D6820 /* Frameworks */ = {
			isa = PBXFrameworksBuildPhase;
			buildActionMask = 2147483647;
			files = (
			);
			runOnlyForDeploymentPostprocessing = 0;
		};
/* End PBXFrameworksBuildPhase section */

/* Begin PBXGroup section */
		4727B122205C296D005D6820 = {
			isa = PBXGroup;
			children = (
				4727B12D205C296D005D6820 /* Who am I */,
				4727B12C205C296D005D6820 /* Products */,
			);
			sourceTree = "<group>";
		};
		4727B12C205C296D005D6820 /* Products */ = {
			isa = PBXGroup;
			children = (
				4727B12B205C296D005D6820 /* Who am I.app */,
			);
			name = Products;
			sourceTree = "<group>";
		};
		4727B12D205C296D005D6820 /* Who am I */ = {
			isa = PBXGroup;
			children = (
				4727B149205C2BD4005D6820 /* 录音.m4a */,
				4727B145205C2BC9005D6820 /* iOSSpeechViewController.h */,
				4727B144205C2BC9005D6820 /* iOSSpeechViewController.m */,
				4727B146205C2BCA005D6820 /* iOSSpeechViewController.xib */,
				4727B12E205C296D005D6820 /* AppDelegate.h */,
				4727B12F205C296D005D6820 /* AppDelegate.m */,
				4727B131205C296D005D6820 /* ViewController.h */,
				4727B132205C296D005D6820 /* ViewController.m */,
				4727B134205C296D005D6820 /* Main.storyboard */,
				4727B137205C296D005D6820 /* Assets.xcassets */,
				4727B139205C296D005D6820 /* LaunchScreen.storyboard */,
				4727B13C205C296D005D6820 /* Info.plist */,
				4727B13D205C296D005D6820 /* main.m */,
				4727B14B205C3277005D6820 /* XYBaseVC.h */,
				4727B14C205C3277005D6820 /* XYBaseVC.m */,
			);
			path = "Who am I";
			sourceTree = "<group>";
		};
/* End PBXGroup section */

/* Begin PBXNativeTarget section */
		4727B12A205C296D005D6820 /* Who am I */ = {
			isa = PBXNativeTarget;
			buildConfigurationList = 4727B141205C296D005D6820 /* Build configuration list for PBXNativeTarget "Who am I" */;
			buildPhases = (
				4727B127205C296D005D6820 /* Sources */,
				4727B128205C296D005D6820 /* Frameworks */,
				4727B129205C296D005D6820 /* Resources */,
			);
			buildRules = (
			);
			dependencies = (
			);
			name = "Who am I";
			productName = "Who am I";
			productReference = 4727B12B205C296D005D6820 /* Who am I.app */;
			productType = "com.apple.product-type.application";
		};
/* End PBXNativeTarget section */

/* Begin PBXProject section */
		4727B123205C296D005D6820 /* Project object */ = {
			isa = PBXProject;
			attributes = {
				CLASSPREFIX = XY;
				LastUpgradeCheck = 0910;
				ORGANIZATIONNAME = HMRL;
				TargetAttributes = {
					4727B12A205C296D005D6820 = {
						CreatedOnToolsVersion = 9.1;
						ProvisioningStyle = Automatic;
					};
				};
			};
			buildConfigurationList = 4727B126205C296D005D6820 /* Build configuration list for PBXProject "Who am I" */;
			compatibilityVersion = "Xcode 8.0";
			developmentRegion = en;
			hasScannedForEncodings = 0;
			knownRegions = (
				en,
				Base,
			);
			mainGroup = 4727B122205C296D005D6820;
			productRefGroup = 4727B12C205C296D005D6820 /* Products */;
			projectDirPath = "";
			projectRoot = "";
			targets = (
				4727B12A205C296D005D6820 /* Who am I */,
			);
		};
/* End PBXProject section */

/* Begin PBXResourcesBuildPhase section */
		4727B129205C296D005D6820 /* Resources */ = {
			isa = PBXResourcesBuildPhase;
			buildActionMask = 2147483647;
			files = (
				4727B14A205C2BD4005D6820 /* 录音.m4a in Resources */,
				4727B13B205C296D005D6820 /* LaunchScreen.storyboard in Resources */,
				4727B138205C296D005D6820 /* Assets.xcassets in Resources */,
				4727B148205C2BCA005D6820 /* iOSSpeechViewController.xib in Resources */,
				4727B136205C296D005D6820 /* Main.storyboard in Resources */,
			);
			runOnlyForDeploymentPostprocessing = 0;
		};
/* End PBXResourcesBuildPhase section */

/* Begin PBXSourcesBuildPhase section */
		4727B127205C296D005D6820 /* Sources */ = {
			isa = PBXSourcesBuildPhase;
			buildActionMask = 2147483647;
			files = (
				4727B14D205C3277005D6820 /* XYBaseVC.m in Sources */,
				4727B133205C296D005D6820 /* ViewController.m in Sources */,
				4727B13E205C296D005D6820 /* main.m in Sources */,
				4727B147205C2BCA005D6820 /* iOSSpeechViewController.m in Sources */,
				4727B130205C296D005D6820 /* AppDelegate.m in Sources */,
			);
			runOnlyForDeploymentPostprocessing = 0;
		};
/* End PBXSourcesBuildPhase section */

/* Begin PBXVariantGroup section */
		4727B134205C296D005D6820 /* Main.storyboard */ = {
			isa = PBXVariantGroup;
			children = (
				4727B135205C296D005D6820 /* Base */,
			);
			name = Main.storyboard;
			sourceTree = "<group>";
		};
		4727B139205C296D005D6820 /* LaunchScreen.storyboard */ = {
			isa = PBXVariantGroup;
			children = (
				4727B13A205C296D005D6820 /* Base */,
			);
			name = LaunchScreen.storyboard;
			sourceTree = "<group>";
		};
/* End PBXVariantGroup section */

/* Begin XCBuildConfiguration section */
		4727B13F205C296D005D6820 /* Debug */ = {
			isa = XCBuildConfiguration;
			buildSettings = {
				ALWAYS_SEARCH_USER_PATHS = NO;
				CLANG_ANALYZER_NONNULL = YES;
				CLANG_ANALYZER_NUMBER_OBJECT_CONVERSION = YES_AGGRESSIVE;
				CLANG_CXX_LANGUAGE_STANDARD = "gnu++14";
				CLANG_CXX_LIBRARY = "libc++";
				CLANG_ENABLE_MODULES = YES;
				CLANG_ENABLE_OBJC_ARC = YES;
				CLANG_WARN_BLOCK_CAPTURE_AUTORELEASING = YES;
				CLANG_WARN_BOOL_CONVERSION = YES;
				CLANG_WARN_COMMA = YES;
				CLANG_WARN_CONSTANT_CONVERSION = YES;
				CLANG_WARN_DIRECT_OBJC_ISA_USAGE = YES_ERROR;
				CLANG_WARN_DOCUMENTATION_COMMENTS = YES;
				CLANG_WARN_EMPTY_BODY = YES;
				CLANG_WARN_ENUM_CONVERSION = YES;
				CLANG_WARN_INFINITE_RECURSION = YES;
				CLANG_WARN_INT_CONVERSION = YES;
				CLANG_WARN_NON_LITERAL_NULL_CONVERSION = YES;
				CLANG_WARN_OBJC_LITERAL_CONVERSION = YES;
				CLANG_WARN_OBJC_ROOT_CLASS = YES_ERROR;
				CLANG_WARN_RANGE_LOOP_ANALYSIS = YES;
				CLANG_WARN_STRICT_PROTOTYPES = YES;
				CLANG_WARN_SUSPICIOUS_MOVE = YES;
				CLANG_WARN_UNGUARDED_AVAILABILITY = YES_AGGRESSIVE;
				CLANG_WARN_UNREACHABLE_CODE = YES;
				CLANG_WARN__DUPLICATE_METHOD_MATCH = YES;
				CODE_SIGN_IDENTITY = "iPhone Developer";
				COPY_PHASE_STRIP = NO;
				DEBUG_INFORMATION_FORMAT = dwarf;
				ENABLE_STRICT_OBJC_MSGSEND = YES;
				ENABLE_TESTABILITY = YES;
				GCC_C_LANGUAGE_STANDARD = gnu11;
				GCC_DYNAMIC_NO_PIC = NO;
				GCC_NO_COMMON_BLOCKS = YES;
				GCC_OPTIMIZATION_LEVEL = 0;
				GCC_PREPROCESSOR_DEFINITIONS = (
					"DEBUG=1",
					"$(inherited)",
				);
				GCC_WARN_64_TO_32_BIT_CONVERSION = YES;
				GCC_WARN_ABOUT_RETURN_TYPE = YES_ERROR;
				GCC_WARN_UNDECLARED_SELECTOR = YES;
				GCC_WARN_UNINITIALIZED_AUTOS = YES_AGGRESSIVE;
				GCC_WARN_UNUSED_FUNCTION = YES;
				GCC_WARN_UNUSED_VARIABLE = YES;
				IPHONEOS_DEPLOYMENT_TARGET = 11.1;
				MTL_ENABLE_DEBUG_INFO = YES;
				ONLY_ACTIVE_ARCH = YES;
				SDKROOT = iphoneos;
			};
			name = Debug;
		};
		4727B140205C296D005D6820 /* Release */ = {
			isa = XCBuildConfiguration;
			buildSettings = {
				ALWAYS_SEARCH_USER_PATHS = NO;
				CLANG_ANALYZER_NONNULL = YES;
				CLANG_ANALYZER_NUMBER_OBJECT_CONVERSION = YES_AGGRESSIVE;
				CLANG_CXX_LANGUAGE_STANDARD = "gnu++14";
				CLANG_CXX_LIBRARY = "libc++";
				CLANG_ENABLE_MODULES = YES;
				CLANG_ENABLE_OBJC_ARC = YES;
				CLANG_WARN_BLOCK_CAPTURE_AUTORELEASING = YES;
				CLANG_WARN_BOOL_CONVERSION = YES;
				CLANG_WARN_COMMA = YES;
				CLANG_WARN_CONSTANT_CONVERSION = YES;
				CLANG_WARN_DIRECT_OBJC_ISA_USAGE = YES_ERROR;
				CLANG_WARN_DOCUMENTATION_COMMENTS = YES;
				CLANG_WARN_EMPTY_BODY = YES;
				CLANG_WARN_ENUM_CONVERSION = YES;
				CLANG_WARN_INFINITE_RECURSION = YES;
				CLANG_WARN_INT_CONVERSION = YES;
				CLANG_WARN_NON_LITERAL_NULL_CONVERSION = YES;
				CLANG_WARN_OBJC_LITERAL_CONVERSION = YES;
				CLANG_WARN_OBJC_ROOT_CLASS = YES_ERROR;
				CLANG_WARN_RANGE_LOOP_ANALYSIS = YES;
				CLANG_WARN_STRICT_PROTOTYPES = YES;
				CLANG_WARN_SUSPICIOUS_MOVE = YES;
				CLANG_WARN_UNGUARDED_AVAILABILITY = YES_AGGRESSIVE;
				CLANG_WARN_UNREACHABLE_CODE = YES;
				CLANG_WARN__DUPLICATE_METHOD_MATCH = YES;
				CODE_SIGN_IDENTITY = "iPhone Developer";
				COPY_PHASE_STRIP = NO;
				DEBUG_INFORMATION_FORMAT = "dwarf-with-dsym";
				ENABLE_NS_ASSERTIONS = NO;
				ENABLE_STRICT_OBJC_MSGSEND = YES;
				GCC_C_LANGUAGE_STANDARD = gnu11;
				GCC_NO_COMMON_BLOCKS = YES;
				GCC_WARN_64_TO_32_BIT_CONVERSION = YES;
				GCC_WARN_ABOUT_RETURN_TYPE = YES_ERROR;
				GCC_WARN_UNDECLARED_SELECTOR = YES;
				GCC_WARN_UNINITIALIZED_AUTOS = YES_AGGRESSIVE;
				GCC_WARN_UNUSED_FUNCTION = YES;
				GCC_WARN_UNUSED_VARIABLE = YES;
				IPHONEOS_DEPLOYMENT_TARGET = 11.1;
				MTL_ENABLE_DEBUG_INFO = NO;
				SDKROOT = iphoneos;
				VALIDATE_PRODUCT = YES;
			};
			name = Release;
		};
		4727B142205C296D005D6820 /* Debug */ = {
			isa = XCBuildConfiguration;
			buildSettings = {
				ASSETCATALOG_COMPILER_APPICON_NAME = AppIcon;
				CODE_SIGN_STYLE = Automatic;
				DEVELOPMENT_TEAM = KM6ZEXC7YV;
				INFOPLIST_FILE = "Who am I/Info.plist";
				IPHONEOS_DEPLOYMENT_TARGET = 10.0;
				LD_RUNPATH_SEARCH_PATHS = "$(inherited) @executable_path/Frameworks";
				PRODUCT_BUNDLE_IDENTIFIER = "xiaoyangyang.Who-am-I";
				PRODUCT_NAME = "$(TARGET_NAME)";
				TARGETED_DEVICE_FAMILY = "1,2";
			};
			name = Debug;
		};
		4727B143205C296D005D6820 /* Release */ = {
			isa = XCBuildConfiguration;
			buildSettings = {
				ASSETCATALOG_COMPILER_APPICON_NAME = AppIcon;
				CODE_SIGN_STYLE = Automatic;
				DEVELOPMENT_TEAM = KM6ZEXC7YV;
				INFOPLIST_FILE = "Who am I/Info.plist";
				IPHONEOS_DEPLOYMENT_TARGET = 10.0;
				LD_RUNPATH_SEARCH_PATHS = "$(inherited) @executable_path/Frameworks";
				PRODUCT_BUNDLE_IDENTIFIER = "xiaoyangyang.Who-am-I";
				PRODUCT_NAME = "$(TARGET_NAME)";
				TARGETED_DEVICE_FAMILY = "1,2";
			};
			name = Release;
		};
/* End XCBuildConfiguration section */

/* Begin XCConfigurationList section */
		4727B126205C296D005D6820 /* Build configuration list for PBXProject "Who am I" */ = {
			isa = XCConfigurationList;
			buildConfigurations = (
				4727B13F205C296D005D6820 /* Debug */,
				4727B140205C296D005D6820 /* Release */,
			);
			defaultConfigurationIsVisible = 0;
			defaultConfigurationName = Release;
		};
		4727B141205C296D005D6820 /* Build configuration list for PBXNativeTarget "Who am I" */ = {
			isa = XCConfigurationList;
			buildConfigurations = (
				4727B142205C296D005D6820 /* Debug */,
				4727B143205C296D005D6820 /* Release */,
			);
			defaultConfigurationIsVisible = 0;
			defaultConfigurationName = Release;
		};
/* End XCConfigurationList section */
	};
	rootObject = 4727B123205C296D005D6820 /* Project object */;
}
